
Microsoft Visual Studio Solution File, Format Version 12.00
# Visual Studio Version 16
VisualStudioVersion = 16.0.29613.14
MinimumVisualStudioVersion = 10.0.40219.1
Project("{FAE04EC0-301F-11D3-BF4B-00C04F79EFBC}") = "CmsShoppingCart", "CmsShoppingCart.csproj", "{C743E4A9-5C75-4EBD-956E-06B1E93AEEC6}"
EndProject
Global
	GlobalSection(SolutionConfigurationPlatforms) = preSolution
		Debug|Any CPU = Debug|Any CPU
		Release|Any CPU = Release|Any CPU
	EndGlobalSection
	GlobalSection(ProjectConfigurationPlatforms) = postSolution
		{C743E4A9-5C75-4EBD-956E-06B1E93AEEC6}.Debug|Any CPU.ActiveCfg = Debug|Any CPU
		{C743E4A9-5C75-4EBD-956E-06B1E93AEEC6}.Debug|Any CPU.Build.0 = Debug|Any CPU
		{C743E4A9-5C75-4EBD-956E-06B1E93AEEC6}.Release|Any CPU.ActiveCfg = Release|Any CPU
		{C743E4A9-5C75-4EBD-956E-06B1E93AEEC6}.Release|Any CPU.Build.0 = Release|Any CPU
	EndGlobalSection
	GlobalSection(SolutionProperties) = preSolution
		HideSolutionNode = FALSE
	EndGlobalSection
	GlobalSection(ExtensibilityGlobals) = postSolution
		SolutionGuid = {10463DAB-CB58-4EE2-8EB5-F95BC34FC05A}
	EndGlobalSection
EndGlobal
